
Microsoft Visual Studio Solution File, Format Version 12.00
# Visual Studio 15
VisualStudioVersion = 15.0.28307.271
MinimumVisualStudioVersion = 10.0.40219.1
Project("{9A19103F-16F7-4668-BE54-9A1E7A4F7556}") = "BookList_Razor", "BookList_Razor\BookList_Razor.csproj", "{6DFF2654-B743-4861-8C3F-B65C2671AE88}"
EndProject
Global
	GlobalSection(SolutionConfigurationPlatforms) = preSolution
		Debug|Any CPU = Debug|Any CPU
		Release|Any CPU = Release|Any CPU
	EndGlobalSection
	GlobalSection(ProjectConfigurationPlatforms) = postSolution
		{6DFF2654-B743-4861-8C3F-B65C2671AE88}.Debug|Any CPU.ActiveCfg = Debug|Any CPU
		{6DFF2654-B743-4861-8C3F-B65C2671AE88}.Debug|Any CPU.Build.0 = Debug|Any CPU
		{6DFF2654-B743-4861-8C3F-B65C2671AE88}.Release|Any CPU.ActiveCfg = Release|Any CPU
		{6DFF2654-B743-4861-8C3F-B65C2671AE88}.Release|Any CPU.Build.0 = Release|Any CPU
	EndGlobalSection
	GlobalSection(SolutionProperties) = preSolution
		HideSolutionNode = FALSE
	EndGlobalSection
	GlobalSection(ExtensibilityGlobals) = postSolution
		SolutionGuid = {46488E70-AB1A-48D7-8B08-6570DA8BE9AE}
	EndGlobalSection
EndGlobal
